
Microsoft Visual Studio Solution File, Format Version 12.00
# Visual Studio Version 16
VisualStudioVersion = 16.0.29911.84
MinimumVisualStudioVersion = 10.0.40219.1
Project("{FAE04EC0-301F-11D3-BF4B-00C04F79EFBC}") = "HalloLinq", "HalloLinq\HalloLinq.csproj", "{EF04EEE2-2FE7-42D5-AF11-656D026DD06D}"
EndProject
Global
	GlobalSection(SolutionConfigurationPlatforms) = preSolution
		Debug|Any CPU = Debug|Any CPU
		Release|Any CPU = Release|Any CPU
	EndGlobalSection
	GlobalSection(ProjectConfigurationPlatforms) = postSolution
		{EF04EEE2-2FE7-42D5-AF11-656D026DD06D}.Debug|Any CPU.ActiveCfg = Debug|Any CPU
		{EF04EEE2-2FE7-42D5-AF11-656D026DD06D}.Debug|Any CPU.Build.0 = Debug|Any CPU
		{EF04EEE2-2FE7-42D5-AF11-656D026DD06D}.Release|Any CPU.ActiveCfg = Release|Any CPU
		{EF04EEE2-2FE7-42D5-AF11-656D026DD06D}.Release|Any CPU.Build.0 = Release|Any CPU
	EndGlobalSection
	GlobalSection(SolutionProperties) = preSolution
		HideSolutionNode = FALSE
	EndGlobalSection
	GlobalSection(ExtensibilityGlobals) = postSolution
		SolutionGuid = {8045F62D-1B88-4CDD-B305-D6E19034491A}
	EndGlobalSection
EndGlobal
