
Microsoft Visual Studio Solution File, Format Version 12.00
# Visual Studio Version 16
VisualStudioVersion = 16.0.29911.84
MinimumVisualStudioVersion = 10.0.40219.1
Project("{FAE04EC0-301F-11D3-BF4B-00C04F79EFBC}") = "HalloWeb", "HalloWeb\HalloWeb.csproj", "{AC76DA42-89CE-482A-8615-E462588C8517}"
EndProject
Global
	GlobalSection(SolutionConfigurationPlatforms) = preSolution
		Debug|Any CPU = Debug|Any CPU
		Release|Any CPU = Release|Any CPU
	EndGlobalSection
	GlobalSection(ProjectConfigurationPlatforms) = postSolution
		{AC76DA42-89CE-482A-8615-E462588C8517}.Debug|Any CPU.ActiveCfg = Debug|Any CPU
		{AC76DA42-89CE-482A-8615-E462588C8517}.Debug|Any CPU.Build.0 = Debug|Any CPU
		{AC76DA42-89CE-482A-8615-E462588C8517}.Release|Any CPU.ActiveCfg = Release|Any CPU
		{AC76DA42-89CE-482A-8615-E462588C8517}.Release|Any CPU.Build.0 = Release|Any CPU
	EndGlobalSection
	GlobalSection(SolutionProperties) = preSolution
		HideSolutionNode = FALSE
	EndGlobalSection
	GlobalSection(ExtensibilityGlobals) = postSolution
		SolutionGuid = {4C0CD9B8-0810-4B09-B199-03DC550E3339}
	EndGlobalSection
EndGlobal
